<?xml version="1.0" encoding="UTF-8"?>
<CodeBlocks_project_file>
	<FileVersion major="1" minor="6"/>
	<Project>
		<Option title="nlohmann_json"/>
		<Option makefile_is_custom="1"/>
		<Option compiler="gcc"/>
		<Option virtualFolders="CMake Files\;CMake Files\nlohmann.json\;CMake Files\nlohmann.json\cmake\;CMake Files\_deps\;CMake Files\_deps\googletest-src\;CMake Files\_deps\googletest-src\googlemock\;CMake Files\_deps\googletest-src\googlemock\cmake\;CMake Files\_deps\googletest-src\googletest\;CMake Files\_deps\googletest-src\googletest\cmake\;"/>
		<Build>
			<Target title="all">
				<Option working_dir="D:/projects/file_search_engine/nlohmann.json"/>
				<Option type="4"/>
				<MakeCommands>
					<Build command="D:/CLion 2024.1.1/bin/mingw/bin/mingw32-make.exe -f &quot;D:/projects/file_search_engine/nlohmann.json/Makefile&quot;  VERBOSE=1 all"/>
					<CompileFile command="D:/CLion 2024.1.1/bin/mingw/bin/mingw32-make.exe -f &quot;D:/projects/file_search_engine/nlohmann.json/Makefile&quot;  VERBOSE=1 &quot;$file&quot;"/>
					<Clean command="D:/CLion 2024.1.1/bin/mingw/bin/mingw32-make.exe -f &quot;D:/projects/file_search_engine/nlohmann.json/Makefile&quot;  VERBOSE=1 clean"/>
					<DistClean command="D:/CLion 2024.1.1/bin/mingw/bin/mingw32-make.exe -f &quot;D:/projects/file_search_engine/nlohmann.json/Makefile&quot;  VERBOSE=1 clean"/>
				</MakeCommands>
			</Target>
		</Build>
		<Unit filename="D:/projects/file_search_engine/CMakeLists.txt">
			<Option virtualFolder="CMake Files\"/>
		</Unit>
		<Unit filename="D:/projects/file_search_engine/nlohmann.json/CMakeLists.txt">
			<Option virtualFolder="CMake Files\nlohmann.json\"/>
		</Unit>
		<Unit filename="D:/projects/file_search_engine/nlohmann.json/cmake/config.cmake.in">
			<Option virtualFolder="CMake Files\nlohmann.json\cmake\"/>
		</Unit>
		<Unit filename="D:/projects/file_search_engine/nlohmann.json/cmake/nlohmann_jsonConfigVersion.cmake.in">
			<Option virtualFolder="CMake Files\nlohmann.json\cmake\"/>
		</Unit>
		<Unit filename="D:/projects/file_search_engine/nlohmann.json/cmake/pkg-config.pc.in">
			<Option virtualFolder="CMake Files\nlohmann.json\cmake\"/>
		</Unit>
		<Unit filename="D:/projects/file_search_engine/_deps/googletest-src/CMakeLists.txt">
			<Option virtualFolder="CMake Files\_deps\googletest-src\"/>
		</Unit>
		<Unit filename="D:/projects/file_search_engine/_deps/googletest-src/googlemock/CMakeLists.txt">
			<Option virtualFolder="CMake Files\_deps\googletest-src\googlemock\"/>
		</Unit>
		<Unit filename="D:/projects/file_search_engine/_deps/googletest-src/googlemock/cmake/gmock.pc.in">
			<Option virtualFolder="CMake Files\_deps\googletest-src\googlemock\cmake\"/>
		</Unit>
		<Unit filename="D:/projects/file_search_engine/_deps/googletest-src/googlemock/cmake/gmock_main.pc.in">
			<Option virtualFolder="CMake Files\_deps\googletest-src\googlemock\cmake\"/>
		</Unit>
		<Unit filename="D:/projects/file_search_engine/_deps/googletest-src/googletest/CMakeLists.txt">
			<Option virtualFolder="CMake Files\_deps\googletest-src\googletest\"/>
		</Unit>
		<Unit filename="D:/projects/file_search_engine/_deps/googletest-src/googletest/cmake/Config.cmake.in">
			<Option virtualFolder="CMake Files\_deps\googletest-src\googletest\cmake\"/>
		</Unit>
		<Unit filename="D:/projects/file_search_engine/_deps/googletest-src/googletest/cmake/gtest.pc.in">
			<Option virtualFolder="CMake Files\_deps\googletest-src\googletest\cmake\"/>
		</Unit>
		<Unit filename="D:/projects/file_search_engine/_deps/googletest-src/googletest/cmake/gtest_main.pc.in">
			<Option virtualFolder="CMake Files\_deps\googletest-src\googletest\cmake\"/>
		</Unit>
		<Unit filename="D:/projects/file_search_engine/_deps/googletest-src/googletest/cmake/internal_utils.cmake">
			<Option virtualFolder="CMake Files\_deps\googletest-src\googletest\cmake\"/>
		</Unit>
	</Project>
</CodeBlocks_project_file>
